
Microsoft Visual Studio Solution File, Format Version 12.00
# Visual Studio Version 17
VisualStudioVersion = 17.7.34031.279
MinimumVisualStudioVersion = 10.0.40219.1
Project("{FAE04EC0-301F-11D3-BF4B-00C04F79EFBC}") = "ejercicioBucle1", "ejercicioBucle1.csproj", "{6B577505-1452-45CB-AE8E-4FE2EF1424D2}"
EndProject
Global
	GlobalSection(SolutionConfigurationPlatforms) = preSolution
		Debug|Any CPU = Debug|Any CPU
		Release|Any CPU = Release|Any CPU
	EndGlobalSection
	GlobalSection(ProjectConfigurationPlatforms) = postSolution
		{6B577505-1452-45CB-AE8E-4FE2EF1424D2}.Debug|Any CPU.ActiveCfg = Debug|Any CPU
		{6B577505-1452-45CB-AE8E-4FE2EF1424D2}.Debug|Any CPU.Build.0 = Debug|Any CPU
		{6B577505-1452-45CB-AE8E-4FE2EF1424D2}.Release|Any CPU.ActiveCfg = Release|Any CPU
		{6B577505-1452-45CB-AE8E-4FE2EF1424D2}.Release|Any CPU.Build.0 = Release|Any CPU
	EndGlobalSection
	GlobalSection(SolutionProperties) = preSolution
		HideSolutionNode = FALSE
	EndGlobalSection
	GlobalSection(ExtensibilityGlobals) = postSolution
		SolutionGuid = {67413746-E175-47D5-BE33-356F0DBD1C43}
	EndGlobalSection
EndGlobal
